
Microsoft Visual Studio Solution File, Format Version 12.00
# Visual Studio Version 17
VisualStudioVersion = 17.0.31912.275
MinimumVisualStudioVersion = 15.0.26124.0
Project("{2150E333-8FDC-42A3-9474-1A3956D46DE8}") = "src", "src", "{6D94DDA8-59CC-4074-9ACA-8C86845DA0FA}"
EndProject
Project("{9A19103F-16F7-4668-BE54-9A1E7A4F7556}") = "BlogCore", "src\BlogCore\BlogCore.csproj", "{D6CCF0DA-D0AA-4AF9-B7B0-552CA3495A64}"
EndProject
Project("{9A19103F-16F7-4668-BE54-9A1E7A4F7556}") = "BlogCore.Application", "src\BlogCore.Application\BlogCore.Application.csproj", "{AE893E21-CE2E-4454-BE68-6FB2BE99A776}"
EndProject
Project("{9A19103F-16F7-4668-BE54-9A1E7A4F7556}") = "BlogCore.Core", "src\BlogCore.Core\BlogCore.Core.csproj", "{220050E9-2ABE-4423-B736-5BCAD84602F4}"
EndProject
Project("{9A19103F-16F7-4668-BE54-9A1E7A4F7556}") = "BlogCore.Domain", "src\BlogCore.Domain\BlogCore.Domain.csproj", "{572BB2D9-9B07-4896-B2D3-1A27AABDC719}"
EndProject
Project("{9A19103F-16F7-4668-BE54-9A1E7A4F7556}") = "BlogCoreHang", "src\BlogCoreHang\BlogCoreHang.csproj", "{6F59BDF7-EA95-4986-B17E-BEA0EBF927E3}"
EndProject
Project("{9A19103F-16F7-4668-BE54-9A1E7A4F7556}") = "BlogCore.Authority", "src\BlogCore.Authority\BlogCore.Authority.csproj", "{3B217F68-5DA4-4B64-9D32-11D0C01EE277}"
EndProject
Project("{2150E333-8FDC-42A3-9474-1A3956D46DE8}") = "Solution Items", "Solution Items", "{C45F140E-5587-46B1-8639-3623A4D95C42}"
	ProjectSection(SolutionItems) = preProject
		.editorconfig = .editorconfig
	EndProjectSection
EndProject
Project("{9A19103F-16F7-4668-BE54-9A1E7A4F7556}") = "BlogCore.IRepository", "src\BlogCore.IRepository\BlogCore.IRepository.csproj", "{D396E128-2FFC-465F-8C9C-1A876423433A}"
EndProject
Project("{9A19103F-16F7-4668-BE54-9A1E7A4F7556}") = "BlogCore.Repository", "src\BlogCore.Repository\BlogCore.Repository.csproj", "{40C18938-73F5-490E-BA6A-4BF5636CA1CD}"
EndProject
Global
	GlobalSection(SolutionConfigurationPlatforms) = preSolution
		Debug|Any CPU = Debug|Any CPU
		Release|Any CPU = Release|Any CPU
	EndGlobalSection
	GlobalSection(ProjectConfigurationPlatforms) = postSolution
		{D6CCF0DA-D0AA-4AF9-B7B0-552CA3495A64}.Debug|Any CPU.ActiveCfg = Debug|Any CPU
		{D6CCF0DA-D0AA-4AF9-B7B0-552CA3495A64}.Debug|Any CPU.Build.0 = Debug|Any CPU
		{D6CCF0DA-D0AA-4AF9-B7B0-552CA3495A64}.Release|Any CPU.ActiveCfg = Release|Any CPU
		{D6CCF0DA-D0AA-4AF9-B7B0-552CA3495A64}.Release|Any CPU.Build.0 = Release|Any CPU
		{AE893E21-CE2E-4454-BE68-6FB2BE99A776}.Debug|Any CPU.ActiveCfg = Debug|Any CPU
		{AE893E21-CE2E-4454-BE68-6FB2BE99A776}.Debug|Any CPU.Build.0 = Debug|Any CPU
		{AE893E21-CE2E-4454-BE68-6FB2BE99A776}.Release|Any CPU.ActiveCfg = Release|Any CPU
		{AE893E21-CE2E-4454-BE68-6FB2BE99A776}.Release|Any CPU.Build.0 = Release|Any CPU
		{220050E9-2ABE-4423-B736-5BCAD84602F4}.Debug|Any CPU.ActiveCfg = Debug|Any CPU
		{220050E9-2ABE-4423-B736-5BCAD84602F4}.Debug|Any CPU.Build.0 = Debug|Any CPU
		{220050E9-2ABE-4423-B736-5BCAD84602F4}.Release|Any CPU.ActiveCfg = Release|Any CPU
		{220050E9-2ABE-4423-B736-5BCAD84602F4}.Release|Any CPU.Build.0 = Release|Any CPU
		{572BB2D9-9B07-4896-B2D3-1A27AABDC719}.Debug|Any CPU.ActiveCfg = Debug|Any CPU
		{572BB2D9-9B07-4896-B2D3-1A27AABDC719}.Debug|Any CPU.Build.0 = Debug|Any CPU
		{572BB2D9-9B07-4896-B2D3-1A27AABDC719}.Release|Any CPU.ActiveCfg = Release|Any CPU
		{572BB2D9-9B07-4896-B2D3-1A27AABDC719}.Release|Any CPU.Build.0 = Release|Any CPU
		{6F59BDF7-EA95-4986-B17E-BEA0EBF927E3}.Debug|Any CPU.ActiveCfg = Debug|Any CPU
		{6F59BDF7-EA95-4986-B17E-BEA0EBF927E3}.Debug|Any CPU.Build.0 = Debug|Any CPU
		{6F59BDF7-EA95-4986-B17E-BEA0EBF927E3}.Release|Any CPU.ActiveCfg = Release|Any CPU
		{6F59BDF7-EA95-4986-B17E-BEA0EBF927E3}.Release|Any CPU.Build.0 = Release|Any CPU
		{3B217F68-5DA4-4B64-9D32-11D0C01EE277}.Debug|Any CPU.ActiveCfg = Debug|Any CPU
		{3B217F68-5DA4-4B64-9D32-11D0C01EE277}.Debug|Any CPU.Build.0 = Debug|Any CPU
		{3B217F68-5DA4-4B64-9D32-11D0C01EE277}.Release|Any CPU.ActiveCfg = Release|Any CPU
		{3B217F68-5DA4-4B64-9D32-11D0C01EE277}.Release|Any CPU.Build.0 = Release|Any CPU
		{D396E128-2FFC-465F-8C9C-1A876423433A}.Debug|Any CPU.ActiveCfg = Debug|Any CPU
		{D396E128-2FFC-465F-8C9C-1A876423433A}.Debug|Any CPU.Build.0 = Debug|Any CPU
		{D396E128-2FFC-465F-8C9C-1A876423433A}.Release|Any CPU.ActiveCfg = Release|Any CPU
		{D396E128-2FFC-465F-8C9C-1A876423433A}.Release|Any CPU.Build.0 = Release|Any CPU
		{40C18938-73F5-490E-BA6A-4BF5636CA1CD}.Debug|Any CPU.ActiveCfg = Debug|Any CPU
		{40C18938-73F5-490E-BA6A-4BF5636CA1CD}.Debug|Any CPU.Build.0 = Debug|Any CPU
		{40C18938-73F5-490E-BA6A-4BF5636CA1CD}.Release|Any CPU.ActiveCfg = Release|Any CPU
		{40C18938-73F5-490E-BA6A-4BF5636CA1CD}.Release|Any CPU.Build.0 = Release|Any CPU
	EndGlobalSection
	GlobalSection(SolutionProperties) = preSolution
		HideSolutionNode = FALSE
	EndGlobalSection
	GlobalSection(NestedProjects) = preSolution
		{D6CCF0DA-D0AA-4AF9-B7B0-552CA3495A64} = {6D94DDA8-59CC-4074-9ACA-8C86845DA0FA}
		{6F59BDF7-EA95-4986-B17E-BEA0EBF927E3} = {6D94DDA8-59CC-4074-9ACA-8C86845DA0FA}
		{3B217F68-5DA4-4B64-9D32-11D0C01EE277} = {6D94DDA8-59CC-4074-9ACA-8C86845DA0FA}
	EndGlobalSection
	GlobalSection(ExtensibilityGlobals) = postSolution
		SolutionGuid = {55F246F4-9A4D-47C8-811E-45377BEE5143}
	EndGlobalSection
EndGlobal
